
Microsoft Visual Studio Solution File, Format Version 12.00
# Visual Studio Version 17
VisualStudioVersion = 17.9.34728.123
MinimumVisualStudioVersion = 10.0.40219.1
Project("{FAE04EC0-301F-11D3-BF4B-00C04F79EFBC}") = "RSAEncrypterTest", "RSAEncrypterTest.csproj", "{613483D9-13F1-4A42-8D1C-F64273556B4A}"
EndProject
Global
	GlobalSection(SolutionConfigurationPlatforms) = preSolution
		Debug|Any CPU = Debug|Any CPU
		Release|Any CPU = Release|Any CPU
	EndGlobalSection
	GlobalSection(ProjectConfigurationPlatforms) = postSolution
		{613483D9-13F1-4A42-8D1C-F64273556B4A}.Debug|Any CPU.ActiveCfg = Debug|Any CPU
		{613483D9-13F1-4A42-8D1C-F64273556B4A}.Debug|Any CPU.Build.0 = Debug|Any CPU
		{613483D9-13F1-4A42-8D1C-F64273556B4A}.Release|Any CPU.ActiveCfg = Release|Any CPU
		{613483D9-13F1-4A42-8D1C-F64273556B4A}.Release|Any CPU.Build.0 = Release|Any CPU
	EndGlobalSection
	GlobalSection(SolutionProperties) = preSolution
		HideSolutionNode = FALSE
	EndGlobalSection
	GlobalSection(ExtensibilityGlobals) = postSolution
		SolutionGuid = {DF5CF14A-1D4C-4059-8556-7F2DB7BA67AD}
	EndGlobalSection
EndGlobal
